// !$*UTF8*$!
{
	archiveVersion = 1;
	classes = {
	};
	objectVersion = 46;
	objects = {

/* Begin PBXBuildFile section */
		FFCC74621C9C94BB0037F634 /* AppDelegate.swift in Sources */ = {isa = PBXBuildFile; fileRef = FFCC74611C9C94BB0037F634 /* AppDelegate.swift */; };
		FFCC74641C9C94BB0037F634 /* ViewController.swift in Sources */ = {isa = PBXBuildFile; fileRef = FFCC74631C9C94BB0037F634 /* ViewController.swift */; };
		FFCC74671C9C94BB0037F634 /* Main.storyboard in Resources */ = {isa = PBXBuildFile; fileRef = FFCC74651C9C94BB0037F634 /* Main.storyboard */; };
		FFCC74691C9C94BB0037F634 /* Assets.xcassets in Resources */ = {isa = PBXBuildFile; fileRef = FFCC74681C9C94BB0037F634 /* Assets.xcassets */; };
		FFCC746C1C9C94BB0037F634 /* LaunchScreen.storyboard in Resources */ = {isa = PBXBuildFile; fileRef = FFCC746A1C9C94BB0037F634 /* LaunchScreen.storyboard */; };
		FFCC74741C9CAF7F0037F634 /* Minecraft.ttf in Resources */ = {isa = PBXBuildFile; fileRef = FFCC74731C9CAF7F0037F634 /* Minecraft.ttf */; settings = {ASSET_TAGS = (); }; };
		FFCC74761C9CB5060037F634 /* btn.wav in Resources */ = {isa = PBXBuildFile; fileRef = FFCC74751C9CB5060037F634 /* btn.wav */; settings = {ASSET_TAGS = (); }; };
/* End PBXBuildFile section */

/* Begin PBXFileReference section */
		FFCC745E1C9C94BB0037F634 /* Retro-Calculator.app */ = {isa = PBXFileReference; explicitFileType = wrapper.application; includeInIndex = 0; path = "Retro-Calculator.app"; sourceTree = BUILT_PRODUCTS_DIR; };
		FFCC74611C9C94BB0037F634 /* AppDelegate.swift */ = {isa = PBXFileReference; lastKnownFileType = sourcecode.swift; path = AppDelegate.swift; sourceTree = "<group>"; };
		FFCC74631C9C94BB0037F634 /* ViewController.swift */ = {isa = PBXFileReference; lastKnownFileType = sourcecode.swift; path = ViewController.swift; sourceTree = "<group>"; };
		FFCC74661C9C94BB0037F634 /* Base */ = {isa = PBXFileReference; lastKnownFileType = file.storyboard; name = Base; path = Base.lproj/Main.storyboard; sourceTree = "<group>"; };
		FFCC74681C9C94BB0037F634 /* Assets.xcassets */ = {isa = PBXFileReference; lastKnownFileType = folder.assetcatalog; path = Assets.xcassets; sourceTree = "<group>"; };
		FFCC746B1C9C94BB0037F634 /* Base */ = {isa = PBXFileReference; lastKnownFileType = file.storyboard; name = Base; path = Base.lproj/LaunchScreen.storyboard; sourceTree = "<group>"; };
		FFCC746D1C9C94BB0037F634 /* Info.plist */ = {isa = PBXFileReference; lastKnownFileType = text.plist.xml; path = Info.plist; sourceTree = "<group>"; };
		FFCC74731C9CAF7F0037F634 /* Minecraft.ttf */ = {isa = PBXFileReference; lastKnownFileType = file; path = Minecraft.ttf; sourceTree = "<group>"; };
		FFCC74751C9CB5060037F634 /* btn.wav */ = {isa = PBXFileReference; lastKnownFileType = audio.wav; path = btn.wav; sourceTree = "<group>"; };
/* End PBXFileReference section */

/* Begin PBXFrameworksBuildPhase section */
		FFCC745B1C9C94BB0037F634 /* Frameworks */ = {
			isa = PBXFrameworksBuildPhase;
			buildActionMask = 2147483647;
			files = (
			);
			runOnlyForDeploymentPostprocessing = 0;
		};
/* End PBXFrameworksBuildPhase section */

/* Begin PBXGroup section */
		FFCC74551C9C94BB0037F634 = {
			isa = PBXGroup;
			children = (
				FFCC74601C9C94BB0037F634 /* Retro-Calculator */,
				FFCC745F1C9C94BB0037F634 /* Products */,
			);
			sourceTree = "<group>";
		};
		FFCC745F1C9C94BB0037F634 /* Products */ = {
			isa = PBXGroup;
			children = (
				FFCC745E1C9C94BB0037F634 /* Retro-Calculator.app */,
			);
			name = Products;
			sourceTree = "<group>";
		};
		FFCC74601C9C94BB0037F634 /* Retro-Calculator */ = {
			isa = PBXGroup;
			children = (
				FFCC74751C9CB5060037F634 /* btn.wav */,
				FFCC74731C9CAF7F0037F634 /* Minecraft.ttf */,
				FFCC74611C9C94BB0037F634 /* AppDelegate.swift */,
				FFCC74631C9C94BB0037F634 /* ViewController.swift */,
				FFCC74651C9C94BB0037F634 /* Main.storyboard */,
				FFCC74681C9C94BB0037F634 /* Assets.xcassets */,
				FFCC746A1C9C94BB0037F634 /* LaunchScreen.storyboard */,
				FFCC746D1C9C94BB0037F634 /* Info.plist */,
			);
			path = "Retro-Calculator";
			sourceTree = "<group>";
		};
/* End PBXGroup section */

/* Begin PBXNativeTarget section */
		FFCC745D1C9C94BB0037F634 /* Retro-Calculator */ = {
			isa = PBXNativeTarget;
			buildConfigurationList = FFCC74701C9C94BB0037F634 /* Build configuration list for PBXNativeTarget "Retro-Calculator" */;
			buildPhases = (
				FFCC745A1C9C94BB0037F634 /* Sources */,
				FFCC745B1C9C94BB0037F634 /* Frameworks */,
				FFCC745C1C9C94BB0037F634 /* Resources */,
			);
			buildRules = (
			);
			dependencies = (
			);
			name = "Retro-Calculator";
			productName = "Retro-Calculator";
			productReference = FFCC745E1C9C94BB0037F634 /* Retro-Calculator.app */;
			productType = "com.apple.product-type.application";
		};
/* End PBXNativeTarget section */

/* Begin PBXProject section */
		FFCC74561C9C94BB0037F634 /* Project object */ = {
			isa = PBXProject;
			attributes = {
				LastUpgradeCheck = 0700;
				ORGANIZATIONNAME = Home;
				TargetAttributes = {
					FFCC745D1C9C94BB0037F634 = {
						CreatedOnToolsVersion = 7.0.1;
					};
				};
			};
			buildConfigurationList = FFCC74591C9C94BB0037F634 /* Build configuration list for PBXProject "Retro-Calculator" */;
			compatibilityVersion = "Xcode 3.2";
			developmentRegion = English;
			hasScannedForEncodings = 0;
			knownRegions = (
				en,
				Base,
			);
			mainGroup = FFCC74551C9C94BB0037F634;
			productRefGroup = FFCC745F1C9C94BB0037F634 /* Products */;
			projectDirPath = "";
			projectRoot = "";
			targets = (
				FFCC745D1C9C94BB0037F634 /* Retro-Calculator */,
			);
		};
/* End PBXProject section */

/* Begin PBXResourcesBuildPhase section */
		FFCC745C1C9C94BB0037F634 /* Resources */ = {
			isa = PBXResourcesBuildPhase;
			buildActionMask = 2147483647;
			files = (
				FFCC74761C9CB5060037F634 /* btn.wav in Resources */,
				FFCC746C1C9C94BB0037F634 /* LaunchScreen.storyboard in Resources */,
				FFCC74691C9C94BB0037F634 /* Assets.xcassets in Resources */,
				FFCC74741C9CAF7F0037F634 /* Minecraft.ttf in Resources */,
				FFCC74671C9C94BB0037F634 /* Main.storyboard in Resources */,
			);
			runOnlyForDeploymentPostprocessing = 0;
		};
/* End PBXResourcesBuildPhase section */

/* Begin PBXSourcesBuildPhase section */
		FFCC745A1C9C94BB0037F634 /* Sources */ = {
			isa = PBXSourcesBuildPhase;
			buildActionMask = 2147483647;
			files = (
				FFCC74641C9C94BB0037F634 /* ViewController.swift in Sources */,
				FFCC74621C9C94BB0037F634 /* AppDelegate.swift in Sources */,
			);
			runOnlyForDeploymentPostprocessing = 0;
		};
/* End PBXSourcesBuildPhase section */

/* Begin PBXVariantGroup section */
		FFCC74651C9C94BB0037F634 /* Main.storyboard */ = {
			isa = PBXVariantGroup;
			children = (
				FFCC74661C9C94BB0037F634 /* Base */,
			);
			name = Main.storyboard;
			sourceTree = "<group>";
		};
		FFCC746A1C9C94BB0037F634 /* LaunchScreen.storyboard */ = {
			isa = PBXVariantGroup;
			children = (
				FFCC746B1C9C94BB0037F634 /* Base */,
			);
			name = LaunchScreen.storyboard;
			sourceTree = "<group>";
		};
/* End PBXVariantGroup section */

/* Begin XCBuildConfiguration section */
		FFCC746E1C9C94BB0037F634 /* Debug */ = {
			isa = XCBuildConfiguration;
			buildSettings = {
				ALWAYS_SEARCH_USER_PATHS = NO;
				CLANG_CXX_LANGUAGE_STANDARD = "gnu++0x";
				CLANG_CXX_LIBRARY = "libc++";
				CLANG_ENABLE_MODULES = YES;
				CLANG_ENABLE_OBJC_ARC = YES;
				CLANG_WARN_BOOL_CONVERSION = YES;
				CLANG_WARN_CONSTANT_CONVERSION = YES;
				CLANG_WARN_DIRECT_OBJC_ISA_USAGE = YES_ERROR;
				CLANG_WARN_EMPTY_BODY = YES;
				CLANG_WARN_ENUM_CONVERSION = YES;
				CLANG_WARN_INT_CONVERSION = YES;
				CLANG_WARN_OBJC_ROOT_CLASS = YES_ERROR;
				CLANG_WARN_UNREACHABLE_CODE = YES;
				CLANG_WARN__DUPLICATE_METHOD_MATCH = YES;
				"CODE_SIGN_IDENTITY[sdk=iphoneos*]" = "iPhone Developer";
				COPY_PHASE_STRIP = NO;
				DEBUG_INFORMATION_FORMAT = dwarf;
				ENABLE_STRICT_OBJC_MSGSEND = YES;
				ENABLE_TESTABILITY = YES;
				GCC_C_LANGUAGE_STANDARD = gnu99;
				GCC_DYNAMIC_NO_PIC = NO;
				GCC_NO_COMMON_BLOCKS = YES;
				GCC_OPTIMIZATION_LEVEL = 0;
				GCC_PREPROCESSOR_DEFINITIONS = (
					"DEBUG=1",
					"$(inherited)",
				);
				GCC_WARN_64_TO_32_BIT_CONVERSION = YES;
				GCC_WARN_ABOUT_RETURN_TYPE = YES_ERROR;
				GCC_WARN_UNDECLARED_SELECTOR = YES;
				GCC_WARN_UNINITIALIZED_AUTOS = YES_AGGRESSIVE;
				GCC_WARN_UNUSED_FUNCTION = YES;
				GCC_WARN_UNUSED_VARIABLE = YES;
				IPHONEOS_DEPLOYMENT_TARGET = 9.0;
				MTL_ENABLE_DEBUG_INFO = YES;
				ONLY_ACTIVE_ARCH = YES;
				SDKROOT = iphoneos;
				SWIFT_OPTIMIZATION_LEVEL = "-Onone";
			};
			name = Debug;
		};
		FFCC746F1C9C94BB0037F634 /* Release */ = {
			isa = XCBuildConfiguration;
			buildSettings = {
				ALWAYS_SEARCH_USER_PATHS = NO;
				CLANG_CXX_LANGUAGE_STANDARD = "gnu++0x";
				CLANG_CXX_LIBRARY = "libc++";
				CLANG_ENABLE_MODULES = YES;
				CLANG_ENABLE_OBJC_ARC = YES;
				CLANG_WARN_BOOL_CONVERSION = YES;
				CLANG_WARN_CONSTANT_CONVERSION = YES;
				CLANG_WARN_DIRECT_OBJC_ISA_USAGE = YES_ERROR;
				CLANG_WARN_EMPTY_BODY = YES;
				CLANG_WARN_ENUM_CONVERSION = YES;
				CLANG_WARN_INT_CONVERSION = YES;
				CLANG_WARN_OBJC_ROOT_CLASS = YES_ERROR;
				CLANG_WARN_UNREACHABLE_CODE = YES;
				CLANG_WARN__DUPLICATE_METHOD_MATCH = YES;
				"CODE_SIGN_IDENTITY[sdk=iphoneos*]" = "iPhone Developer";
				COPY_PHASE_STRIP = NO;
				DEBUG_INFORMATION_FORMAT = "dwarf-with-dsym";
				ENABLE_NS_ASSERTIONS = NO;
				ENABLE_STRICT_OBJC_MSGSEND = YES;
				GCC_C_LANGUAGE_STANDARD = gnu99;
				GCC_NO_COMMON_BLOCKS = YES;
				GCC_WARN_64_TO_32_BIT_CONVERSION = YES;
				GCC_WARN_ABOUT_RETURN_TYPE = YES_ERROR;
				GCC_WARN_UNDECLARED_SELECTOR = YES;
				GCC_WARN_UNINITIALIZED_AUTOS = YES_AGGRESSIVE;
				GCC_WARN_UNUSED_FUNCTION = YES;
				GCC_WARN_UNUSED_VARIABLE = YES;
				IPHONEOS_DEPLOYMENT_TARGET = 9.0;
				MTL_ENABLE_DEBUG_INFO = NO;
				SDKROOT = iphoneos;
				VALIDATE_PRODUCT = YES;
			};
			name = Release;
		};
		FFCC74711C9C94BB0037F634 /* Debug */ = {
			isa = XCBuildConfiguration;
			buildSettings = {
				ASSETCATALOG_COMPILER_APPICON_NAME = AppIcon;
				INFOPLIST_FILE = "Retro-Calculator/Info.plist";
				LD_RUNPATH_SEARCH_PATHS = "$(inherited) @executable_path/Frameworks";
				PRODUCT_BUNDLE_IDENTIFIER = "pl.rafalbociek.Retro-Calculator";
				PRODUCT_NAME = "$(TARGET_NAME)";
			};
			name = Debug;
		};
		FFCC74721C9C94BB0037F634 /* Release */ = {
			isa = XCBuildConfiguration;
			buildSettings = {
				ASSETCATALOG_COMPILER_APPICON_NAME = AppIcon;
				INFOPLIST_FILE = "Retro-Calculator/Info.plist";
				LD_RUNPATH_SEARCH_PATHS = "$(inherited) @executable_path/Frameworks";
				PRODUCT_BUNDLE_IDENTIFIER = "pl.rafalbociek.Retro-Calculator";
				PRODUCT_NAME = "$(TARGET_NAME)";
			};
			name = Release;
		};
/* End XCBuildConfiguration section */

/* Begin XCConfigurationList section */
		FFCC74591C9C94BB0037F634 /* Build configuration list for PBXProject "Retro-Calculator" */ = {
			isa = XCConfigurationList;
			buildConfigurations = (
				FFCC746E1C9C94BB0037F634 /* Debug */,
				FFCC746F1C9C94BB0037F634 /* Release */,
			);
			defaultConfigurationIsVisible = 0;
			defaultConfigurationName = Release;
		};
		FFCC74701C9C94BB0037F634 /* Build configuration list for PBXNativeTarget "Retro-Calculator" */ = {
			isa = XCConfigurationList;
			buildConfigurations = (
				FFCC74711C9C94BB0037F634 /* Debug */,
				FFCC74721C9C94BB0037F634 /* Release */,
			);
			defaultConfigurationIsVisible = 0;
		};
/* End XCConfigurationList section */
	};
	rootObject = FFCC74561C9C94BB0037F634 /* Project object */;
}
